// !$*UTF8*$!
{
	archiveVersion = 1;
	classes = {
	};
	objectVersion = 46;
	objects = {

/* Begin PBXBuildFile section */
		7459FBED1B323CFE002DCC8A /* OpenInFirefoxControllerObjC.m in Sources */ = {isa = PBXBuildFile; fileRef = 7459FBEC1B323CFE002DCC8A /* OpenInFirefoxControllerObjC.m */; };
		74D20F841B2B789500A41894 /* AppDelegate.swift in Sources */ = {isa = PBXBuildFile; fileRef = 74D20F831B2B789500A41894 /* AppDelegate.swift */; };
		74D20F861B2B789500A41894 /* ViewController.swift in Sources */ = {isa = PBXBuildFile; fileRef = 74D20F851B2B789500A41894 /* ViewController.swift */; };
		74D20F891B2B789500A41894 /* Main.storyboard in Resources */ = {isa = PBXBuildFile; fileRef = 74D20F871B2B789500A41894 /* Main.storyboard */; };
		74D20F8B1B2B789500A41894 /* Images.xcassets in Resources */ = {isa = PBXBuildFile; fileRef = 74D20F8A1B2B789500A41894 /* Images.xcassets */; };
		74D20F8E1B2B789500A41894 /* LaunchScreen.xib in Resources */ = {isa = PBXBuildFile; fileRef = 74D20F8C1B2B789500A41894 /* LaunchScreen.xib */; };
		74D20FC81B2B926500A41894 /* OpenInFirefoxControllerSwift.swift in Sources */ = {isa = PBXBuildFile; fileRef = 74D20FC71B2B926500A41894 /* OpenInFirefoxControllerSwift.swift */; };
/* End PBXBuildFile section */

/* Begin PBXFileReference section */
		7459FBEB1B323CFE002DCC8A /* OpenInFirefoxControllerObjC.h */ = {isa = PBXFileReference; fileEncoding = 4; lastKnownFileType = sourcecode.c.h; path = OpenInFirefoxControllerObjC.h; sourceTree = "<group>"; };
		7459FBEC1B323CFE002DCC8A /* OpenInFirefoxControllerObjC.m */ = {isa = PBXFileReference; fileEncoding = 4; lastKnownFileType = sourcecode.c.objc; path = OpenInFirefoxControllerObjC.m; sourceTree = "<group>"; };
		746140F21B2F43F30011A8A6 /* OpenInFirefoxClient-Bridging-Header.h */ = {isa = PBXFileReference; lastKnownFileType = sourcecode.c.h; lineEnding = 0; path = "OpenInFirefoxClient-Bridging-Header.h"; sourceTree = SOURCE_ROOT; xcLanguageSpecificationIdentifier = xcode.lang.objcpp; };
		74D20F7E1B2B789500A41894 /* OpenInFirefoxClient.app */ = {isa = PBXFileReference; explicitFileType = wrapper.application; includeInIndex = 0; path = OpenInFirefoxClient.app; sourceTree = BUILT_PRODUCTS_DIR; };
		74D20F821B2B789500A41894 /* Info.plist */ = {isa = PBXFileReference; lastKnownFileType = text.plist.xml; path = Info.plist; sourceTree = "<group>"; };
		74D20F831B2B789500A41894 /* AppDelegate.swift */ = {isa = PBXFileReference; lastKnownFileType = sourcecode.swift; path = AppDelegate.swift; sourceTree = "<group>"; };
		74D20F851B2B789500A41894 /* ViewController.swift */ = {isa = PBXFileReference; lastKnownFileType = sourcecode.swift; lineEnding = 0; path = ViewController.swift; sourceTree = "<group>"; xcLanguageSpecificationIdentifier = xcode.lang.swift; };
		74D20F881B2B789500A41894 /* Base */ = {isa = PBXFileReference; lastKnownFileType = file.storyboard; name = Base; path = Base.lproj/Main.storyboard; sourceTree = "<group>"; };
		74D20F8A1B2B789500A41894 /* Images.xcassets */ = {isa = PBXFileReference; lastKnownFileType = folder.assetcatalog; path = Images.xcassets; sourceTree = "<group>"; };
		74D20F8D1B2B789500A41894 /* Base */ = {isa = PBXFileReference; lastKnownFileType = file.xib; name = Base; path = Base.lproj/LaunchScreen.xib; sourceTree = "<group>"; };
		74D20FC71B2B926500A41894 /* OpenInFirefoxControllerSwift.swift */ = {isa = PBXFileReference; fileEncoding = 4; lastKnownFileType = sourcecode.swift; path = OpenInFirefoxControllerSwift.swift; sourceTree = "<group>"; };
/* End PBXFileReference section */

/* Begin PBXFrameworksBuildPhase section */
		74D20F7B1B2B789500A41894 /* Frameworks */ = {
			isa = PBXFrameworksBuildPhase;
			buildActionMask = 2147483647;
			files = (
			);
			runOnlyForDeploymentPostprocessing = 0;
		};
/* End PBXFrameworksBuildPhase section */

/* Begin PBXGroup section */
		74D20F751B2B789500A41894 = {
			isa = PBXGroup;
			children = (
				74D20F801B2B789500A41894 /* OpenInFirefoxClient */,
				74D20F7F1B2B789500A41894 /* Products */,
			);
			sourceTree = "<group>";
		};
		74D20F7F1B2B789500A41894 /* Products */ = {
			isa = PBXGroup;
			children = (
				74D20F7E1B2B789500A41894 /* OpenInFirefoxClient.app */,
			);
			name = Products;
			sourceTree = "<group>";
		};
		74D20F801B2B789500A41894 /* OpenInFirefoxClient */ = {
			isa = PBXGroup;
			children = (
				74D20F831B2B789500A41894 /* AppDelegate.swift */,
				7459FBEB1B323CFE002DCC8A /* OpenInFirefoxControllerObjC.h */,
				74D20FC71B2B926500A41894 /* OpenInFirefoxControllerSwift.swift */,
				7459FBEC1B323CFE002DCC8A /* OpenInFirefoxControllerObjC.m */,
				746140F21B2F43F30011A8A6 /* OpenInFirefoxClient-Bridging-Header.h */,
				74D20F851B2B789500A41894 /* ViewController.swift */,
				74D20F871B2B789500A41894 /* Main.storyboard */,
				74D20F8A1B2B789500A41894 /* Images.xcassets */,
				74D20F8C1B2B789500A41894 /* LaunchScreen.xib */,
				74D20F811B2B789500A41894 /* Supporting Files */,
			);
			path = OpenInFirefoxClient;
			sourceTree = "<group>";
		};
		74D20F811B2B789500A41894 /* Supporting Files */ = {
			isa = PBXGroup;
			children = (
				74D20F821B2B789500A41894 /* Info.plist */,
			);
			name = "Supporting Files";
			sourceTree = "<group>";
		};
/* End PBXGroup section */

/* Begin PBXNativeTarget section */
		74D20F7D1B2B789500A41894 /* OpenInFirefoxClient */ = {
			isa = PBXNativeTarget;
			buildConfigurationList = 74D20F9D1B2B789500A41894 /* Build configuration list for PBXNativeTarget "OpenInFirefoxClient" */;
			buildPhases = (
				74D20F7A1B2B789500A41894 /* Sources */,
				74D20F7B1B2B789500A41894 /* Frameworks */,
				74D20F7C1B2B789500A41894 /* Resources */,
			);
			buildRules = (
			);
			dependencies = (
			);
			name = OpenInFirefoxClient;
			productName = OpenInFirefoxClient;
			productReference = 74D20F7E1B2B789500A41894 /* OpenInFirefoxClient.app */;
			productType = "com.apple.product-type.application";
		};
/* End PBXNativeTarget section */

/* Begin PBXProject section */
		74D20F761B2B789500A41894 /* Project object */ = {
			isa = PBXProject;
			attributes = {
				LastUpgradeCheck = 0630;
				ORGANIZATIONNAME = "Bryan Munar";
				TargetAttributes = {
					74D20F7D1B2B789500A41894 = {
						CreatedOnToolsVersion = 6.3.2;
					};
				};
			};
			buildConfigurationList = 74D20F791B2B789500A41894 /* Build configuration list for PBXProject "OpenInFirefoxClient" */;
			compatibilityVersion = "Xcode 3.2";
			developmentRegion = English;
			hasScannedForEncodings = 0;
			knownRegions = (
				en,
				Base,
			);
			mainGroup = 74D20F751B2B789500A41894;
			productRefGroup = 74D20F7F1B2B789500A41894 /* Products */;
			projectDirPath = "";
			projectRoot = "";
			targets = (
				74D20F7D1B2B789500A41894 /* OpenInFirefoxClient */,
			);
		};
/* End PBXProject section */

/* Begin PBXResourcesBuildPhase section */
		74D20F7C1B2B789500A41894 /* Resources */ = {
			isa = PBXResourcesBuildPhase;
			buildActionMask = 2147483647;
			files = (
				74D20F891B2B789500A41894 /* Main.storyboard in Resources */,
				74D20F8E1B2B789500A41894 /* LaunchScreen.xib in Resources */,
				74D20F8B1B2B789500A41894 /* Images.xcassets in Resources */,
			);
			runOnlyForDeploymentPostprocessing = 0;
		};
/* End PBXResourcesBuildPhase section */

/* Begin PBXSourcesBuildPhase section */
		74D20F7A1B2B789500A41894 /* Sources */ = {
			isa = PBXSourcesBuildPhase;
			buildActionMask = 2147483647;
			files = (
				74D20F861B2B789500A41894 /* ViewController.swift in Sources */,
				74D20FC81B2B926500A41894 /* OpenInFirefoxControllerSwift.swift in Sources */,
				7459FBED1B323CFE002DCC8A /* OpenInFirefoxControllerObjC.m in Sources */,
				74D20F841B2B789500A41894 /* AppDelegate.swift in Sources */,
			);
			runOnlyForDeploymentPostprocessing = 0;
		};
/* End PBXSourcesBuildPhase section */

/* Begin PBXVariantGroup section */
		74D20F871B2B789500A41894 /* Main.storyboard */ = {
			isa = PBXVariantGroup;
			children = (
				74D20F881B2B789500A41894 /* Base */,
			);
			name = Main.storyboard;
			sourceTree = "<group>";
		};
		74D20F8C1B2B789500A41894 /* LaunchScreen.xib */ = {
			isa = PBXVariantGroup;
			children = (
				74D20F8D1B2B789500A41894 /* Base */,
			);
			name = LaunchScreen.xib;
			sourceTree = "<group>";
		};
/* End PBXVariantGroup section */

/* Begin XCBuildConfiguration section */
		74D20F9B1B2B789500A41894 /* Debug */ = {
			isa = XCBuildConfiguration;
			buildSettings = {
				ALWAYS_SEARCH_USER_PATHS = NO;
				CLANG_CXX_LANGUAGE_STANDARD = "gnu++0x";
				CLANG_CXX_LIBRARY = "libc++";
				CLANG_ENABLE_MODULES = YES;
				CLANG_ENABLE_OBJC_ARC = YES;
				CLANG_WARN_BOOL_CONVERSION = YES;
				CLANG_WARN_CONSTANT_CONVERSION = YES;
				CLANG_WARN_DIRECT_OBJC_ISA_USAGE = YES_ERROR;
				CLANG_WARN_EMPTY_BODY = YES;
				CLANG_WARN_ENUM_CONVERSION = YES;
				CLANG_WARN_INT_CONVERSION = YES;
				CLANG_WARN_OBJC_ROOT_CLASS = YES_ERROR;
				CLANG_WARN_UNREACHABLE_CODE = YES;
				CLANG_WARN__DUPLICATE_METHOD_MATCH = YES;
				"CODE_SIGN_IDENTITY[sdk=iphoneos*]" = "iPhone Developer";
				COPY_PHASE_STRIP = NO;
				DEBUG_INFORMATION_FORMAT = "dwarf-with-dsym";
				ENABLE_STRICT_OBJC_MSGSEND = YES;
				GCC_C_LANGUAGE_STANDARD = gnu99;
				GCC_DYNAMIC_NO_PIC = NO;
				GCC_NO_COMMON_BLOCKS = YES;
				GCC_OPTIMIZATION_LEVEL = 0;
				GCC_PREPROCESSOR_DEFINITIONS = (
					"DEBUG=1",
					"$(inherited)",
				);
				GCC_SYMBOLS_PRIVATE_EXTERN = NO;
				GCC_WARN_64_TO_32_BIT_CONVERSION = YES;
				GCC_WARN_ABOUT_RETURN_TYPE = YES_ERROR;
				GCC_WARN_UNDECLARED_SELECTOR = YES;
				GCC_WARN_UNINITIALIZED_AUTOS = YES_AGGRESSIVE;
				GCC_WARN_UNUSED_FUNCTION = YES;
				GCC_WARN_UNUSED_VARIABLE = YES;
				IPHONEOS_DEPLOYMENT_TARGET = 8.3;
				MTL_ENABLE_DEBUG_INFO = YES;
				ONLY_ACTIVE_ARCH = YES;
				SDKROOT = iphoneos;
				SWIFT_OPTIMIZATION_LEVEL = "-Onone";
				TARGETED_DEVICE_FAMILY = "1,2";
			};
			name = Debug;
		};
		74D20F9C1B2B789500A41894 /* Release */ = {
			isa = XCBuildConfiguration;
			buildSettings = {
				ALWAYS_SEARCH_USER_PATHS = NO;
				CLANG_CXX_LANGUAGE_STANDARD = "gnu++0x";
				CLANG_CXX_LIBRARY = "libc++";
				CLANG_ENABLE_MODULES = YES;
				CLANG_ENABLE_OBJC_ARC = YES;
				CLANG_WARN_BOOL_CONVERSION = YES;
				CLANG_WARN_CONSTANT_CONVERSION = YES;
				CLANG_WARN_DIRECT_OBJC_ISA_USAGE = YES_ERROR;
				CLANG_WARN_EMPTY_BODY = YES;
				CLANG_WARN_ENUM_CONVERSION = YES;
				CLANG_WARN_INT_CONVERSION = YES;
				CLANG_WARN_OBJC_ROOT_CLASS = YES_ERROR;
				CLANG_WARN_UNREACHABLE_CODE = YES;
				CLANG_WARN__DUPLICATE_METHOD_MATCH = YES;
				"CODE_SIGN_IDENTITY[sdk=iphoneos*]" = "iPhone Developer";
				COPY_PHASE_STRIP = NO;
				DEBUG_INFORMATION_FORMAT = "dwarf-with-dsym";
				ENABLE_NS_ASSERTIONS = NO;
				ENABLE_STRICT_OBJC_MSGSEND = YES;
				GCC_C_LANGUAGE_STANDARD = gnu99;
				GCC_NO_COMMON_BLOCKS = YES;
				GCC_WARN_64_TO_32_BIT_CONVERSION = YES;
				GCC_WARN_ABOUT_RETURN_TYPE = YES_ERROR;
				GCC_WARN_UNDECLARED_SELECTOR = YES;
				GCC_WARN_UNINITIALIZED_AUTOS = YES_AGGRESSIVE;
				GCC_WARN_UNUSED_FUNCTION = YES;
				GCC_WARN_UNUSED_VARIABLE = YES;
				IPHONEOS_DEPLOYMENT_TARGET = 8.3;
				MTL_ENABLE_DEBUG_INFO = NO;
				SDKROOT = iphoneos;
				TARGETED_DEVICE_FAMILY = "1,2";
				VALIDATE_PRODUCT = YES;
			};
			name = Release;
		};
		74D20F9E1B2B789500A41894 /* Debug */ = {
			isa = XCBuildConfiguration;
			buildSettings = {
				ASSETCATALOG_COMPILER_APPICON_NAME = AppIcon;
				CLANG_ENABLE_MODULES = YES;
				INFOPLIST_FILE = OpenInFirefoxClient/Info.plist;
				LD_RUNPATH_SEARCH_PATHS = "$(inherited) @executable_path/Frameworks";
				PRODUCT_NAME = "$(TARGET_NAME)";
				SWIFT_OBJC_BRIDGING_HEADER = "OpenInFirefoxClient-Bridging-Header.h";
				SWIFT_OPTIMIZATION_LEVEL = "-Onone";
			};
			name = Debug;
		};
		74D20F9F1B2B789500A41894 /* Release */ = {
			isa = XCBuildConfiguration;
			buildSettings = {
				ASSETCATALOG_COMPILER_APPICON_NAME = AppIcon;
				CLANG_ENABLE_MODULES = YES;
				INFOPLIST_FILE = OpenInFirefoxClient/Info.plist;
				LD_RUNPATH_SEARCH_PATHS = "$(inherited) @executable_path/Frameworks";
				PRODUCT_NAME = "$(TARGET_NAME)";
				SWIFT_OBJC_BRIDGING_HEADER = "OpenInFirefoxClient-Bridging-Header.h";
			};
			name = Release;
		};
/* End XCBuildConfiguration section */

/* Begin XCConfigurationList section */
		74D20F791B2B789500A41894 /* Build configuration list for PBXProject "OpenInFirefoxClient" */ = {
			isa = XCConfigurationList;
			buildConfigurations = (
				74D20F9B1B2B789500A41894 /* Debug */,
				74D20F9C1B2B789500A41894 /* Release */,
			);
			defaultConfigurationIsVisible = 0;
			defaultConfigurationName = Release;
		};
		74D20F9D1B2B789500A41894 /* Build configuration list for PBXNativeTarget "OpenInFirefoxClient" */ = {
			isa = XCConfigurationList;
			buildConfigurations = (
				74D20F9E1B2B789500A41894 /* Debug */,
				74D20F9F1B2B789500A41894 /* Release */,
			);
			defaultConfigurationIsVisible = 0;
			defaultConfigurationName = Release;
		};
/* End XCConfigurationList section */
	};
	rootObject = 74D20F761B2B789500A41894 /* Project object */;
}
